
Microsoft Visual Studio Solution File, Format Version 12.00
# Visual Studio Version 17
VisualStudioVersion = 17.9.34701.34
MinimumVisualStudioVersion = 10.0.40219.1
Project("{FAE04EC0-301F-11D3-BF4B-00C04F79EFBC}") = "HelloWorld", "HelloWorld\HelloWorld.csproj", "{00838A72-5F68-45A8-BAA0-2F9696608F69}"
EndProject
Global
	GlobalSection(SolutionConfigurationPlatforms) = preSolution
		Debug|Any CPU = Debug|Any CPU
		Release|Any CPU = Release|Any CPU
	EndGlobalSection
	GlobalSection(ProjectConfigurationPlatforms) = postSolution
		{00838A72-5F68-45A8-BAA0-2F9696608F69}.Debug|Any CPU.ActiveCfg = Debug|Any CPU
		{00838A72-5F68-45A8-BAA0-2F9696608F69}.Debug|Any CPU.Build.0 = Debug|Any CPU
		{00838A72-5F68-45A8-BAA0-2F9696608F69}.Release|Any CPU.ActiveCfg = Release|Any CPU
		{00838A72-5F68-45A8-BAA0-2F9696608F69}.Release|Any CPU.Build.0 = Release|Any CPU
	EndGlobalSection
	GlobalSection(SolutionProperties) = preSolution
		HideSolutionNode = FALSE
	EndGlobalSection
	GlobalSection(ExtensibilityGlobals) = postSolution
		SolutionGuid = {FDDA8183-0C5B-4A57-ACA9-82D151A58DF8}
	EndGlobalSection
EndGlobal
